Microsoft Visual Studio Solution File, Format Version 11.00
# Visual Studio 2008

Project("{FB28465C-BFC1-6668-E156-FDF786898A4A}") = "UnitySampleApp", "Assembly-CSharp-firstpass.csproj", "{270C46B9-57CC-A16B-0492-9C9CDBEFB0E9}"
EndProject
Project("{FB28465C-BFC1-6668-E156-FDF786898A4A}") = "UnitySampleApp", "Assembly-CSharp.csproj", "{4CFB6F2B-A1C6-00B1-687F-330989A06AC8}"
EndProject
Project("{FB28465C-BFC1-6668-E156-FDF786898A4A}") = "UnitySampleApp", "Assembly-CSharp-Editor.csproj", "{AE9B77DE-F035-53CB-B2E7-A355551154FA}"
EndProject
Global
	GlobalSection(SolutionConfigurationPlatforms) = preSolution
		Debug|Any CPU = Debug|Any CPU
		Release|Any CPU = Release|Any CPU
	EndGlobalSection
	GlobalSection(ProjectConfigurationPlatforms) = postSolution
		{270C46B9-57CC-A16B-0492-9C9CDBEFB0E9}.Debug|Any CPU.ActiveCfg = Debug|Any CPU
		{270C46B9-57CC-A16B-0492-9C9CDBEFB0E9}.Debug|Any CPU.Build.0 = Debug|Any CPU
		{270C46B9-57CC-A16B-0492-9C9CDBEFB0E9}.Release|Any CPU.ActiveCfg = Release|Any CPU
		{270C46B9-57CC-A16B-0492-9C9CDBEFB0E9}.Release|Any CPU.Build.0 = Release|Any CPU
		{4CFB6F2B-A1C6-00B1-687F-330989A06AC8}.Debug|Any CPU.ActiveCfg = Debug|Any CPU
		{4CFB6F2B-A1C6-00B1-687F-330989A06AC8}.Debug|Any CPU.Build.0 = Debug|Any CPU
		{4CFB6F2B-A1C6-00B1-687F-330989A06AC8}.Release|Any CPU.ActiveCfg = Release|Any CPU
		{4CFB6F2B-A1C6-00B1-687F-330989A06AC8}.Release|Any CPU.Build.0 = Release|Any CPU
		{AE9B77DE-F035-53CB-B2E7-A355551154FA}.Debug|Any CPU.ActiveCfg = Debug|Any CPU
		{AE9B77DE-F035-53CB-B2E7-A355551154FA}.Debug|Any CPU.Build.0 = Debug|Any CPU
		{AE9B77DE-F035-53CB-B2E7-A355551154FA}.Release|Any CPU.ActiveCfg = Release|Any CPU
		{AE9B77DE-F035-53CB-B2E7-A355551154FA}.Release|Any CPU.Build.0 = Release|Any CPU
	EndGlobalSection
	GlobalSection(SolutionProperties) = preSolution
		HideSolutionNode = FALSE
	EndGlobalSection
																																																				GlobalSection(MonoDevelopProperties) = preSolution
		StartupItem = Assembly-CSharp.csproj
		Policies = $0
		$0.TextStylePolicy = $1
		$1.inheritsSet = null
		$1.scope = text/x-csharp
		$0.CSharpFormattingPolicy = $2
		$2.inheritsSet = Mono
		$2.inheritsScope = text/x-csharp
		$2.scope = text/x-csharp
		$0.TextStylePolicy = $3
		$3.FileWidth = 120
		$3.TabWidth = 4
		$3.EolMarker = Unix
		$3.inheritsSet = Mono
		$3.inheritsScope = text/plain
		$3.scope = text/plain
	EndGlobalSection

EndGlobal
